
Microsoft Visual Studio Solution File, Format Version 12.00
# Visual Studio Version 17
VisualStudioVersion = 17.14.36429.23 d17.14
MinimumVisualStudioVersion = 10.0.40219.1
Project("{2150E333-8FDC-42A3-9474-1A3956D46DE8}") = "Task0", "Task0", "{02EA681E-C7D8-13C7-8484-4AC65E1B71E8}"
EndProject
Project("{FAE04EC0-301F-11D3-BF4B-00C04F79EFBC}") = "Tyuiu.KalininaMA.Sprint2.Task0.V24", "Tyuiu.KalininaMA.Sprint2.Task0.V24\Tyuiu.KalininaMA.Sprint2.Task0.V24.csproj", "{5BC346C8-90FD-45BA-A31D-E44FCBAD15EE}"
EndProject
Project("{FAE04EC0-301F-11D3-BF4B-00C04F79EFBC}") = "Tyuiu.KalininaMA.Sprint2.Task0.V24.Lib", "Tyuiu.KalininaMA.Sprint2.Task0.V24.Lib\Tyuiu.KalininaMA.Sprint2.Task0.V24.Lib.csproj", "{8B5C8617-99A4-45FA-87FE-DD1ED1C82482}"
EndProject
Project("{FAE04EC0-301F-11D3-BF4B-00C04F79EFBC}") = "Tyuiu.KalininaMA.Sprint2.Task0.V24.Test", "Tyuiu.KalininaMA.Sprint2.Task0.V24.Test\Tyuiu.KalininaMA.Sprint2.Task0.V24.Test.csproj", "{84CA9EB0-D25B-49BC-AA92-9DC72B67EBAF}"
EndProject
Project("{2150E333-8FDC-42A3-9474-1A3956D46DE8}") = "Task1", "Task1", "{717FAE98-471D-4F59-BA57-0E2D1438CD9C}"
EndProject
Project("{FAE04EC0-301F-11D3-BF4B-00C04F79EFBC}") = "Tyuiu.KalininaMA.Sprint2.Task1.V24", "Tyuiu.KalininaMA.Sprint2.Task1.V24\Tyuiu.KalininaMA.Sprint2.Task1.V24.csproj", "{A95DED4B-60D9-4D9B-85EB-6897661F7B20}"
EndProject
Project("{FAE04EC0-301F-11D3-BF4B-00C04F79EFBC}") = "Tyuiu.KalininaMA.Sprint2.Task1.V24.Lib", "Tyuiu.KalininaMA.Sprint2.Task1.V24.Lib\Tyuiu.KalininaMA.Sprint2.Task1.V24.Lib.csproj", "{FAA8AB32-150D-40BC-9CEF-A46DA8AD05E0}"
EndProject
Project("{FAE04EC0-301F-11D3-BF4B-00C04F79EFBC}") = "Tyuiu.KalininaMA.Sprint2.Task1.V24.Test", "Tyuiu.KalininaMA.Sprint2.Task1.V24.Test\Tyuiu.KalininaMA.Sprint2.Task1.V24.Test.csproj", "{8229768D-6594-446F-8044-037F757CE5C7}"
EndProject
Global
	GlobalSection(SolutionConfigurationPlatforms) = preSolution
		Debug|Any CPU = Debug|Any CPU
		Release|Any CPU = Release|Any CPU
	EndGlobalSection
	GlobalSection(ProjectConfigurationPlatforms) = postSolution
		{5BC346C8-90FD-45BA-A31D-E44FCBAD15EE}.Debug|Any CPU.ActiveCfg = Debug|Any CPU
		{5BC346C8-90FD-45BA-A31D-E44FCBAD15EE}.Debug|Any CPU.Build.0 = Debug|Any CPU
		{5BC346C8-90FD-45BA-A31D-E44FCBAD15EE}.Release|Any CPU.ActiveCfg = Release|Any CPU
		{5BC346C8-90FD-45BA-A31D-E44FCBAD15EE}.Release|Any CPU.Build.0 = Release|Any CPU
		{8B5C8617-99A4-45FA-87FE-DD1ED1C82482}.Debug|Any CPU.ActiveCfg = Debug|Any CPU
		{8B5C8617-99A4-45FA-87FE-DD1ED1C82482}.Debug|Any CPU.Build.0 = Debug|Any CPU
		{8B5C8617-99A4-45FA-87FE-DD1ED1C82482}.Release|Any CPU.ActiveCfg = Release|Any CPU
		{8B5C8617-99A4-45FA-87FE-DD1ED1C82482}.Release|Any CPU.Build.0 = Release|Any CPU
		{84CA9EB0-D25B-49BC-AA92-9DC72B67EBAF}.Debug|Any CPU.ActiveCfg = Debug|Any CPU
		{84CA9EB0-D25B-49BC-AA92-9DC72B67EBAF}.Debug|Any CPU.Build.0 = Debug|Any CPU
		{84CA9EB0-D25B-49BC-AA92-9DC72B67EBAF}.Release|Any CPU.ActiveCfg = Release|Any CPU
		{84CA9EB0-D25B-49BC-AA92-9DC72B67EBAF}.Release|Any CPU.Build.0 = Release|Any CPU
		{A95DED4B-60D9-4D9B-85EB-6897661F7B20}.Debug|Any CPU.ActiveCfg = Debug|Any CPU
		{A95DED4B-60D9-4D9B-85EB-6897661F7B20}.Debug|Any CPU.Build.0 = Debug|Any CPU
		{A95DED4B-60D9-4D9B-85EB-6897661F7B20}.Release|Any CPU.ActiveCfg = Release|Any CPU
		{A95DED4B-60D9-4D9B-85EB-6897661F7B20}.Release|Any CPU.Build.0 = Release|Any CPU
		{FAA8AB32-150D-40BC-9CEF-A46DA8AD05E0}.Debug|Any CPU.ActiveCfg = Debug|Any CPU
		{FAA8AB32-150D-40BC-9CEF-A46DA8AD05E0}.Debug|Any CPU.Build.0 = Debug|Any CPU
		{FAA8AB32-150D-40BC-9CEF-A46DA8AD05E0}.Release|Any CPU.ActiveCfg = Release|Any CPU
		{FAA8AB32-150D-40BC-9CEF-A46DA8AD05E0}.Release|Any CPU.Build.0 = Release|Any CPU
		{8229768D-6594-446F-8044-037F757CE5C7}.Debug|Any CPU.ActiveCfg = Debug|Any CPU
		{8229768D-6594-446F-8044-037F757CE5C7}.Debug|Any CPU.Build.0 = Debug|Any CPU
		{8229768D-6594-446F-8044-037F757CE5C7}.Release|Any CPU.ActiveCfg = Release|Any CPU
		{8229768D-6594-446F-8044-037F757CE5C7}.Release|Any CPU.Build.0 = Release|Any CPU
	EndGlobalSection
	GlobalSection(SolutionProperties) = preSolution
		HideSolutionNode = FALSE
	EndGlobalSection
	GlobalSection(NestedProjects) = preSolution
		{5BC346C8-90FD-45BA-A31D-E44FCBAD15EE} = {02EA681E-C7D8-13C7-8484-4AC65E1B71E8}
		{8B5C8617-99A4-45FA-87FE-DD1ED1C82482} = {02EA681E-C7D8-13C7-8484-4AC65E1B71E8}
		{84CA9EB0-D25B-49BC-AA92-9DC72B67EBAF} = {02EA681E-C7D8-13C7-8484-4AC65E1B71E8}
		{A95DED4B-60D9-4D9B-85EB-6897661F7B20} = {717FAE98-471D-4F59-BA57-0E2D1438CD9C}
		{FAA8AB32-150D-40BC-9CEF-A46DA8AD05E0} = {717FAE98-471D-4F59-BA57-0E2D1438CD9C}
		{8229768D-6594-446F-8044-037F757CE5C7} = {717FAE98-471D-4F59-BA57-0E2D1438CD9C}
	EndGlobalSection
	GlobalSection(ExtensibilityGlobals) = postSolution
		SolutionGuid = {ED1D9BD1-63BD-4D7C-93E4-116F76AAB46F}
	EndGlobalSection
EndGlobal
